<?xml version="1.0" encoding="utf-8"?>
<Project ToolsVersion="4.0" xmlns="http://schemas.microsoft.com/developer/msbuild/2003">
  <ItemGroup>
    <ClCompile Include="main.cpp" />
    <ClCompile Include="scene_simulate_event_callback.cpp" />
    <ClCompile Include="scene_simulate_filter_callback.cpp" />
    <ClCompile Include="util\c\component\cJSON.c" />
    <ClCompile Include="util\c\component\dataqueue.c" />
    <ClCompile Include="util\c\component\db.c" />
    <ClCompile Include="util\c\component\httpframe.c" />
    <ClCompile Include="util\c\component\lengthfieldframe.c" />
    <ClCompile Include="util\c\component\niosocket.c" />
    <ClCompile Include="util\c\component\websocketframe.c" />
    <ClCompile Include="util\c\datastruct\hashtable.c" />
    <ClCompile Include="util\c\datastruct\list.c" />
    <ClCompile Include="util\c\datastruct\random.c" />
    <ClCompile Include="util\c\datastruct\rbtree.c" />
    <ClCompile Include="util\c\datastruct\rudp.c" />
    <ClCompile Include="util\c\datastruct\tree.c" />
    <ClCompile Include="util\c\syslib\alloca.c" />
    <ClCompile Include="util\c\syslib\encrypt.c" />
    <ClCompile Include="util\c\syslib\error.c" />
    <ClCompile Include="util\c\syslib\file.c" />
    <ClCompile Include="util\c\syslib\io.c" />
    <ClCompile Include="util\c\syslib\ipc.c" />
    <ClCompile Include="util\c\syslib\math.c" />
    <ClCompile Include="util\c\syslib\math_matrix.c" />
    <ClCompile Include="util\c\syslib\math_vector.c" />
    <ClCompile Include="util\c\syslib\mmap.c" />
    <ClCompile Include="util\c\syslib\process.c" />
    <ClCompile Include="util\c\syslib\socket.c" />
    <ClCompile Include="util\c\syslib\statistics.c" />
    <ClCompile Include="util\c\syslib\string.c" />
    <ClCompile Include="util\c\syslib\terminal.c" />
    <ClCompile Include="util\c\syslib\time.c" />
    <ClCompile Include="util\c\syslib\uuid.c" />
    <ClCompile Include="util\c\component\log.c" />
    <ClCompile Include="util\c\component\rbtimer.c" />
    <ClCompile Include="util\c\datastruct\url.c" />
    <ClCompile Include="util\c\component\cXML.c" />
    <ClCompile Include="util\c\datastruct\hash.c" />
    <ClCompile Include="scene_xml.cpp" />
    <ClCompile Include="util\c\datastruct\strings.c" />
    <ClCompile Include="convexe_mesh.cpp" />
  </ItemGroup>
  <ItemGroup>
    <ClInclude Include="scene_simulate_event_callback.h" />
    <ClInclude Include="scene_simulate_filter_callback.h" />
    <ClInclude Include="util\c\component\cJSON.h" />
    <ClInclude Include="util\c\component\dataqueue.h" />
    <ClInclude Include="util\c\component\db.h" />
    <ClInclude Include="util\c\component\httpframe.h" />
    <ClInclude Include="util\c\component\lengthfieldframe.h" />
    <ClInclude Include="util\c\component\niosocket.h" />
    <ClInclude Include="util\c\component\websocketframe.h" />
    <ClInclude Include="util\c\datastruct\hashtable.h" />
    <ClInclude Include="util\c\datastruct\list.h" />
    <ClInclude Include="util\c\datastruct\random.h" />
    <ClInclude Include="util\c\datastruct\rbtree.h" />
    <ClInclude Include="util\c\datastruct\rudp.h" />
    <ClInclude Include="util\c\datastruct\tree.h" />
    <ClInclude Include="util\c\datastruct\value_type.h" />
    <ClInclude Include="util\c\syslib\alloca.h" />
    <ClInclude Include="util\c\syslib\assert.h" />
    <ClInclude Include="util\c\syslib\atomic.h" />
    <ClInclude Include="util\c\syslib\encrypt.h" />
    <ClInclude Include="util\c\syslib\error.h" />
    <ClInclude Include="util\c\syslib\file.h" />
    <ClInclude Include="util\c\syslib\io.h" />
    <ClInclude Include="util\c\syslib\ipc.h" />
    <ClInclude Include="util\c\syslib\math.h" />
    <ClInclude Include="util\c\syslib\math_matrix.h" />
    <ClInclude Include="util\c\syslib\math_vector.h" />
    <ClInclude Include="util\c\syslib\mmap.h" />
    <ClInclude Include="util\c\syslib\process.h" />
    <ClInclude Include="util\c\syslib\socket.h" />
    <ClInclude Include="util\c\syslib\statistics.h" />
    <ClInclude Include="util\c\syslib\string.h" />
    <ClInclude Include="util\c\syslib\terminal.h" />
    <ClInclude Include="util\c\syslib\time.h" />
    <ClInclude Include="util\c\syslib\uuid.h" />
    <ClInclude Include="util\c\compiler_define.h" />
    <ClInclude Include="util\c\platform_define.h" />
    <ClInclude Include="util\cpp\component\json.h" />
    <ClInclude Include="util\cpp\cpp_compiler_define.h" />
    <ClInclude Include="util\cpp\exception.h" />
    <ClInclude Include="util\cpp\nullptr.h" />
    <ClInclude Include="util\cpp\unordered_map.h" />
    <ClInclude Include="util\cpp\unordered_set.h" />
    <ClInclude Include="util\cpp\unique_ptr.h" />
    <ClInclude Include="util\c\component\log.h" />
    <ClInclude Include="util\c\component\rbtimer.h" />
    <ClInclude Include="util\c\datastruct\url.h" />
    <ClInclude Include="util\c\component\cXML.h" />
    <ClInclude Include="util\c\datastruct\hash.h" />
    <ClInclude Include="scene_xml.h" />
    <ClInclude Include="util\c\datastruct\strings.h" />
    <ClInclude Include="convex_mesh.h" />
  </ItemGroup>
</Project>